
Microsoft Visual Studio Solution File, Format Version 10.00
# Visual Studio 2008
Project("{2150E333-8FDC-42A3-9474-1A3956D46DE8}") = "Docs", "Docs", "{2BA4FF37-FB17-4F33-9F2E-0EEB6DA6E9FC}"
	ProjectSection(SolutionItems) = preProject
		ChangeLog.txt = ChangeLog.txt
	EndProjectSection
EndProject
Project("{2150E333-8FDC-42A3-9474-1A3956D46DE8}") = "WorkPath", "WorkPath", "{49A5AE67-BA70-4EB7-841B-1127E37302FB}"
	ProjectSection(SolutionItems) = preProject
		WorkPath\DeployStables.bat = WorkPath\DeployStables.bat
		WorkPath\DeployVariables.bat = WorkPath\DeployVariables.bat
		WorkPath\ReadMe.txt = WorkPath\ReadMe.txt
		WorkPath\resources.cfg = WorkPath\resources.cfg
	EndProjectSection
EndProject
Project("{2150E333-8FDC-42A3-9474-1A3956D46DE8}") = "Media", "Media", "{407580C4-4368-4657-9721-E0AB69658D29}"
EndProject
Project("{2150E333-8FDC-42A3-9474-1A3956D46DE8}") = "gui", "gui", "{5A2EB46B-1DD7-4136-AD01-A8ACF2B3EBA4}"
	ProjectSection(SolutionItems) = preProject
		WorkPath\Media\gui\Pool.layout = WorkPath\Media\gui\Pool.layout
		WorkPath\Media\gui\PoolGame.imageset = WorkPath\Media\gui\PoolGame.imageset
		WorkPath\Media\gui\PoolGame.scheme = WorkPath\Media\gui\PoolGame.scheme
	EndProjectSection
EndProject
Project("{2150E333-8FDC-42A3-9474-1A3956D46DE8}") = "materials", "materials", "{8EB8E2D9-DCBF-465C-A26F-B73DBC2CD6BE}"
EndProject
Project("{2150E333-8FDC-42A3-9474-1A3956D46DE8}") = "scripts", "scripts", "{C83EDE32-5DA7-4C71-A24B-014E65CCF987}"
	ProjectSection(SolutionItems) = preProject
		WorkPath\Media\materials\scripts\Pool.material = WorkPath\Media\materials\scripts\Pool.material
		WorkPath\Media\materials\scripts\PoolTable.material = WorkPath\Media\materials\scripts\PoolTable.material
	EndProjectSection
EndProject
Project("{2150E333-8FDC-42A3-9474-1A3956D46DE8}") = "BallConfigSets", "BallConfigSets", "{FBBC8045-AE58-4503-A418-99429C30390C}"
	ProjectSection(SolutionItems) = preProject
		WorkPath\BallConfigSets\fun.xml = WorkPath\BallConfigSets\fun.xml
		WorkPath\BallConfigSets\std.xml = WorkPath\BallConfigSets\std.xml
	EndProjectSection
EndProject
Project("{8BC9CEB8-8B4A-11D0-8D11-00A0C91BC942}") = "PoolGame", "PoolGame\PoolGame vc9.vcproj", "{293B5B44-A9EA-4283-82B3-010F2740AD42}"
	ProjectSection(ProjectDependencies) = postProject
		{60C50C7A-9964-4DC1-B809-49F0D9532D28} = {60C50C7A-9964-4DC1-B809-49F0D9532D28}
		{7E1812B0-F357-48E8-9B02-3B93EE482427} = {7E1812B0-F357-48E8-9B02-3B93EE482427}
	EndProjectSection
EndProject
Project("{8BC9CEB8-8B4A-11D0-8D11-00A0C91BC942}") = "Billiards", "Billiards\Billiards vc9.vcproj", "{60C50C7A-9964-4DC1-B809-49F0D9532D28}"
EndProject
Project("{8BC9CEB8-8B4A-11D0-8D11-00A0C91BC942}") = "AudioSystem", "AudioSystem\AudioSystem vc9.vcproj", "{7E1812B0-F357-48E8-9B02-3B93EE482427}"
EndProject
Project("{2150E333-8FDC-42A3-9474-1A3956D46DE8}") = "Hosts", "Hosts", "{2135EB77-F7CB-4056-B274-AB1793E67C57}"
	ProjectSection(SolutionItems) = preProject
		WorkPath\Hosts\fun.lua = WorkPath\Hosts\fun.lua
		WorkPath\Hosts\test.lua = WorkPath\Hosts\test.lua
	EndProjectSection
EndProject
Global
	GlobalSection(SolutionConfigurationPlatforms) = preSolution
		Debug|Win32 = Debug|Win32
		Release|Win32 = Release|Win32
	EndGlobalSection
	GlobalSection(ProjectConfigurationPlatforms) = postSolution
		{293B5B44-A9EA-4283-82B3-010F2740AD42}.Debug|Win32.ActiveCfg = Debug|Win32
		{293B5B44-A9EA-4283-82B3-010F2740AD42}.Debug|Win32.Build.0 = Debug|Win32
		{293B5B44-A9EA-4283-82B3-010F2740AD42}.Release|Win32.ActiveCfg = Release|Win32
		{293B5B44-A9EA-4283-82B3-010F2740AD42}.Release|Win32.Build.0 = Release|Win32
		{60C50C7A-9964-4DC1-B809-49F0D9532D28}.Debug|Win32.ActiveCfg = Debug|Win32
		{60C50C7A-9964-4DC1-B809-49F0D9532D28}.Debug|Win32.Build.0 = Debug|Win32
		{60C50C7A-9964-4DC1-B809-49F0D9532D28}.Release|Win32.ActiveCfg = Release|Win32
		{60C50C7A-9964-4DC1-B809-49F0D9532D28}.Release|Win32.Build.0 = Release|Win32
		{7E1812B0-F357-48E8-9B02-3B93EE482427}.Debug|Win32.ActiveCfg = Debug|Win32
		{7E1812B0-F357-48E8-9B02-3B93EE482427}.Debug|Win32.Build.0 = Debug|Win32
		{7E1812B0-F357-48E8-9B02-3B93EE482427}.Release|Win32.ActiveCfg = Release|Win32
		{7E1812B0-F357-48E8-9B02-3B93EE482427}.Release|Win32.Build.0 = Release|Win32
	EndGlobalSection
	GlobalSection(SolutionProperties) = preSolution
		HideSolutionNode = FALSE
	EndGlobalSection
	GlobalSection(NestedProjects) = preSolution
		{407580C4-4368-4657-9721-E0AB69658D29} = {49A5AE67-BA70-4EB7-841B-1127E37302FB}
		{FBBC8045-AE58-4503-A418-99429C30390C} = {49A5AE67-BA70-4EB7-841B-1127E37302FB}
		{2135EB77-F7CB-4056-B274-AB1793E67C57} = {49A5AE67-BA70-4EB7-841B-1127E37302FB}
		{5A2EB46B-1DD7-4136-AD01-A8ACF2B3EBA4} = {407580C4-4368-4657-9721-E0AB69658D29}
		{8EB8E2D9-DCBF-465C-A26F-B73DBC2CD6BE} = {407580C4-4368-4657-9721-E0AB69658D29}
		{C83EDE32-5DA7-4C71-A24B-014E65CCF987} = {8EB8E2D9-DCBF-465C-A26F-B73DBC2CD6BE}
	EndGlobalSection
EndGlobal
